// !$*UTF8*$!
{
	archiveVersion = 1;
	classes = {
	};
	objectVersion = 46;
	objects = {

/* Begin PBXBuildFile section */
		0D1419751E0F673700E6C8B6 /* PreferenceViewController.swift in Sources */ = {isa = PBXBuildFile; fileRef = 0D1419741E0F673700E6C8B6 /* PreferenceViewController.swift */; };
		0D1419771E0F6A3400E6C8B6 /* ServiceManagement.framework in Frameworks */ = {isa = PBXBuildFile; fileRef = 0D1419761E0F6A3400E6C8B6 /* ServiceManagement.framework */; };
		0D1419791E0F6A4200E6C8B6 /* SecurityFoundation.framework in Frameworks */ = {isa = PBXBuildFile; fileRef = 0D1419781E0F6A4200E6C8B6 /* SecurityFoundation.framework */; };
		0D1419821E0F6C6C00E6C8B6 /* main.m in Sources */ = {isa = PBXBuildFile; fileRef = 0D1419811E0F6C6C00E6C8B6 /* main.m */; };
		0D1419991E0F6CF100E6C8B6 /* Common.m in Sources */ = {isa = PBXBuildFile; fileRef = 0D1419931E0F6CF100E6C8B6 /* Common.m */; };
		0D14199A1E0F6CF100E6C8B6 /* Common.m in Sources */ = {isa = PBXBuildFile; fileRef = 0D1419931E0F6CF100E6C8B6 /* Common.m */; };
		0D14199B1E0F6CF100E6C8B6 /* Common.strings in Resources */ = {isa = PBXBuildFile; fileRef = 0D1419941E0F6CF100E6C8B6 /* Common.strings */; };
		0D14199C1E0F6CF100E6C8B6 /* SudoHelper.m in Sources */ = {isa = PBXBuildFile; fileRef = 0D1419981E0F6CF100E6C8B6 /* SudoHelper.m */; };
		0D14199D1E0F6CF100E6C8B6 /* SudoHelper.m in Sources */ = {isa = PBXBuildFile; fileRef = 0D1419981E0F6CF100E6C8B6 /* SudoHelper.m */; };
		0D1419A21E0F6D7E00E6C8B6 /* HelperTool-Info.plist in Resources */ = {isa = PBXBuildFile; fileRef = 0D14199E1E0F6D7E00E6C8B6 /* HelperTool-Info.plist */; };
		0D1419A31E0F6D7E00E6C8B6 /* HelperTool-Launchd.plist in Resources */ = {isa = PBXBuildFile; fileRef = 0D14199F1E0F6D7E00E6C8B6 /* HelperTool-Launchd.plist */; };
		0D1419A41E0F6D7E00E6C8B6 /* HelperTool.m in Sources */ = {isa = PBXBuildFile; fileRef = 0D1419A11E0F6D7E00E6C8B6 /* HelperTool.m */; };
		0D1419A51E0F6D7E00E6C8B6 /* HelperTool.m in Sources */ = {isa = PBXBuildFile; fileRef = 0D1419A11E0F6D7E00E6C8B6 /* HelperTool.m */; };
		0D1419A71E0F6ECE00E6C8B6 /* com.purkylin.HelperTool in CopyFiles */ = {isa = PBXBuildFile; fileRef = 0D14197F1E0F6C6C00E6C8B6 /* com.purkylin.HelperTool */; settings = {ATTRIBUTES = (CodeSignOnCopy, ); }; };
		0D1419A91E115ECA00E6C8B6 /* NetworkViewController.swift in Sources */ = {isa = PBXBuildFile; fileRef = 0D1419A81E115ECA00E6C8B6 /* NetworkViewController.swift */; };
		0D982A3A1EDDA1D60093A68E /* Util.swift in Sources */ = {isa = PBXBuildFile; fileRef = 0D982A391EDDA1D60093A68E /* Util.swift */; };
		1516140DEFAFBF585FE28720 /* Pods_Toolbox.framework in Frameworks */ = {isa = PBXBuildFile; fileRef = 7F61567AB573255F53890270 /* Pods_Toolbox.framework */; };
		311E78141DACDEDD00A3E646 /* terminal.script in Resources */ = {isa = PBXBuildFile; fileRef = 311E78131DACDD5C00A3E646 /* terminal.script */; };
		312A33DB1DAA851D00FAEBBE /* DetectViewController.swift in Sources */ = {isa = PBXBuildFile; fileRef = 312A33DA1DAA851C00FAEBBE /* DetectViewController.swift */; };
		315578411E0D20A200135A73 /* AppDelegate.swift in Sources */ = {isa = PBXBuildFile; fileRef = 315578401E0D20A200135A73 /* AppDelegate.swift */; };
		315578431E0D20A200135A73 /* ViewController.swift in Sources */ = {isa = PBXBuildFile; fileRef = 315578421E0D20A200135A73 /* ViewController.swift */; };
		315578451E0D20A200135A73 /* Assets.xcassets in Resources */ = {isa = PBXBuildFile; fileRef = 315578441E0D20A200135A73 /* Assets.xcassets */; };
		315578481E0D20A200135A73 /* Main.storyboard in Resources */ = {isa = PBXBuildFile; fileRef = 315578461E0D20A200135A73 /* Main.storyboard */; };
		3155784E1E0D224E00135A73 /* LaunchHelper.app in CopyFiles */ = {isa = PBXBuildFile; fileRef = 3155783E1E0D20A200135A73 /* LaunchHelper.app */; settings = {ATTRIBUTES = (RemoveHeadersOnCopy, ); }; };
		3178CE011DB33E6A00AFA2BA /* DrapImageView.swift in Sources */ = {isa = PBXBuildFile; fileRef = 3178CE001DB33E6A00AFA2BA /* DrapImageView.swift */; };
		3178CE031DB35E6300AFA2BA /* ColorPickerViewController.swift in Sources */ = {isa = PBXBuildFile; fileRef = 3178CE021DB35E6300AFA2BA /* ColorPickerViewController.swift */; };
		3178CE0F1DB3A1F700AFA2BA /* DragFilenameImageView.swift in Sources */ = {isa = PBXBuildFile; fileRef = 3178CE0E1DB3A1F700AFA2BA /* DragFilenameImageView.swift */; };
		3178CE111DB3A2D200AFA2BA /* CrackViewController.swift in Sources */ = {isa = PBXBuildFile; fileRef = 3178CE101DB3A2D200AFA2BA /* CrackViewController.swift */; };
		319B033A1D9DDAB90006437A /* AppDelegate.swift in Sources */ = {isa = PBXBuildFile; fileRef = 319B03391D9DDAB90006437A /* AppDelegate.swift */; };
		319B033C1D9DDAB90006437A /* ViewController.swift in Sources */ = {isa = PBXBuildFile; fileRef = 319B033B1D9DDAB90006437A /* ViewController.swift */; };
		319B033E1D9DDAB90006437A /* Assets.xcassets in Resources */ = {isa = PBXBuildFile; fileRef = 319B033D1D9DDAB90006437A /* Assets.xcassets */; };
		319B03411D9DDAB90006437A /* Main.storyboard in Resources */ = {isa = PBXBuildFile; fileRef = 319B033F1D9DDAB90006437A /* Main.storyboard */; };
		319B034A1D9DED1A0006437A /* WindowController.swift in Sources */ = {isa = PBXBuildFile; fileRef = 319B03491D9DED1A0006437A /* WindowController.swift */; };
		319B034C1D9E17450006437A /* BarcodeViewController.swift in Sources */ = {isa = PBXBuildFile; fileRef = 319B034B1D9E17450006437A /* BarcodeViewController.swift */; };
		319B034F1D9F48440006437A /* UrlEncodeViewController.swift in Sources */ = {isa = PBXBuildFile; fileRef = 319B034D1D9F48440006437A /* UrlEncodeViewController.swift */; };
/* End PBXBuildFile section */

/* Begin PBXCopyFilesBuildPhase section */
		0D14197D1E0F6C6C00E6C8B6 /* CopyFiles */ = {
			isa = PBXCopyFilesBuildPhase;
			buildActionMask = 2147483647;
			dstPath = /usr/share/man/man1/;
			dstSubfolderSpec = 0;
			files = (
			);
			runOnlyForDeploymentPostprocessing = 1;
		};
		0D1419A61E0F6EB000E6C8B6 /* CopyFiles */ = {
			isa = PBXCopyFilesBuildPhase;
			buildActionMask = 2147483647;
			dstPath = Contents/Library/LaunchServices;
			dstSubfolderSpec = 1;
			files = (
				0D1419A71E0F6ECE00E6C8B6 /* com.purkylin.HelperTool in CopyFiles */,
			);
			runOnlyForDeploymentPostprocessing = 0;
		};
		315578391E0D1FF800135A73 /* Embed XPC Services */ = {
			isa = PBXCopyFilesBuildPhase;
			buildActionMask = 2147483647;
			dstPath = "$(CONTENTS_FOLDER_PATH)/XPCServices";
			dstSubfolderSpec = 16;
			files = (
			);
			name = "Embed XPC Services";
			runOnlyForDeploymentPostprocessing = 0;
		};
		3155784D1E0D224300135A73 /* CopyFiles */ = {
			isa = PBXCopyFilesBuildPhase;
			buildActionMask = 2147483647;
			dstPath = Contents/Library/LoginItems;
			dstSubfolderSpec = 1;
			files = (
				3155784E1E0D224E00135A73 /* LaunchHelper.app in CopyFiles */,
			);
			runOnlyForDeploymentPostprocessing = 0;
		};
/* End PBXCopyFilesBuildPhase section */

/* Begin PBXFileReference section */
		0D1419741E0F673700E6C8B6 /* PreferenceViewController.swift */ = {isa = PBXFileReference; fileEncoding = 4; lastKnownFileType = sourcecode.swift; path = PreferenceViewController.swift; sourceTree = "<group>"; };
		0D1419761E0F6A3400E6C8B6 /* ServiceManagement.framework */ = {isa = PBXFileReference; lastKnownFileType = wrapper.framework; name = ServiceManagement.framework; path = System/Library/Frameworks/ServiceManagement.framework; sourceTree = SDKROOT; };
		0D1419781E0F6A4200E6C8B6 /* SecurityFoundation.framework */ = {isa = PBXFileReference; lastKnownFileType = wrapper.framework; name = SecurityFoundation.framework; path = System/Library/Frameworks/SecurityFoundation.framework; sourceTree = SDKROOT; };
		0D14197F1E0F6C6C00E6C8B6 /* com.purkylin.HelperTool */ = {isa = PBXFileReference; explicitFileType = "compiled.mach-o.executable"; includeInIndex = 0; path = com.purkylin.HelperTool; sourceTree = BUILT_PRODUCTS_DIR; };
		0D1419811E0F6C6C00E6C8B6 /* main.m */ = {isa = PBXFileReference; lastKnownFileType = sourcecode.c.objc; path = main.m; sourceTree = "<group>"; };
		0D1419921E0F6CF100E6C8B6 /* Common.h */ = {isa = PBXFileReference; fileEncoding = 4; lastKnownFileType = sourcecode.c.h; path = Common.h; sourceTree = "<group>"; };
		0D1419931E0F6CF100E6C8B6 /* Common.m */ = {isa = PBXFileReference; fileEncoding = 4; lastKnownFileType = sourcecode.c.objc; path = Common.m; sourceTree = "<group>"; };
		0D1419951E0F6CF100E6C8B6 /* de */ = {isa = PBXFileReference; lastKnownFileType = text.plist.strings; name = de; path = de.lproj/Common.strings; sourceTree = "<group>"; };
		0D1419961E0F6CF100E6C8B6 /* en */ = {isa = PBXFileReference; lastKnownFileType = text.plist.strings; name = en; path = en.lproj/Common.strings; sourceTree = "<group>"; };
		0D1419971E0F6CF100E6C8B6 /* SudoHelper.h */ = {isa = PBXFileReference; fileEncoding = 4; lastKnownFileType = sourcecode.c.h; path = SudoHelper.h; sourceTree = "<group>"; };
		0D1419981E0F6CF100E6C8B6 /* SudoHelper.m */ = {isa = PBXFileReference; fileEncoding = 4; lastKnownFileType = sourcecode.c.objc; path = SudoHelper.m; sourceTree = "<group>"; };
		0D14199E1E0F6D7E00E6C8B6 /* HelperTool-Info.plist */ = {isa = PBXFileReference; fileEncoding = 4; lastKnownFileType = text.plist.xml; path = "HelperTool-Info.plist"; sourceTree = "<group>"; };
		0D14199F1E0F6D7E00E6C8B6 /* HelperTool-Launchd.plist */ = {isa = PBXFileReference; fileEncoding = 4; lastKnownFileType = text.plist.xml; path = "HelperTool-Launchd.plist"; sourceTree = "<group>"; };
		0D1419A01E0F6D7E00E6C8B6 /* HelperTool.h */ = {isa = PBXFileReference; fileEncoding = 4; lastKnownFileType = sourcecode.c.h; path = HelperTool.h; sourceTree = "<group>"; };
		0D1419A11E0F6D7E00E6C8B6 /* HelperTool.m */ = {isa = PBXFileReference; fileEncoding = 4; lastKnownFileType = sourcecode.c.objc; path = HelperTool.m; sourceTree = "<group>"; };
		0D1419A81E115ECA00E6C8B6 /* NetworkViewController.swift */ = {isa = PBXFileReference; fileEncoding = 4; lastKnownFileType = sourcecode.swift; path = NetworkViewController.swift; sourceTree = "<group>"; };
		0D982A391EDDA1D60093A68E /* Util.swift */ = {isa = PBXFileReference; fileEncoding = 4; lastKnownFileType = sourcecode.swift; path = Util.swift; sourceTree = "<group>"; };
		20FBF52FE2855068A3C8C820 /* Pods-Toolbox.debug.xcconfig */ = {isa = PBXFileReference; includeInIndex = 1; lastKnownFileType = text.xcconfig; name = "Pods-Toolbox.debug.xcconfig"; path = "Pods/Target Support Files/Pods-Toolbox/Pods-Toolbox.debug.xcconfig"; sourceTree = "<group>"; };
		311E78131DACDD5C00A3E646 /* terminal.script */ = {isa = PBXFileReference; lastKnownFileType = text.script.sh; path = terminal.script; sourceTree = "<group>"; };
		312A33DA1DAA851C00FAEBBE /* DetectViewController.swift */ = {isa = PBXFileReference; fileEncoding = 4; lastKnownFileType = sourcecode.swift; path = DetectViewController.swift; sourceTree = "<group>"; };
		3155783E1E0D20A200135A73 /* LaunchHelper.app */ = {isa = PBXFileReference; explicitFileType = wrapper.application; includeInIndex = 0; path = LaunchHelper.app; sourceTree = BUILT_PRODUCTS_DIR; };
		315578401E0D20A200135A73 /* AppDelegate.swift */ = {isa = PBXFileReference; lastKnownFileType = sourcecode.swift; path = AppDelegate.swift; sourceTree = "<group>"; };
		315578421E0D20A200135A73 /* ViewController.swift */ = {isa = PBXFileReference; lastKnownFileType = sourcecode.swift; path = ViewController.swift; sourceTree = "<group>"; };
		315578441E0D20A200135A73 /* Assets.xcassets */ = {isa = PBXFileReference; lastKnownFileType = folder.assetcatalog; path = Assets.xcassets; sourceTree = "<group>"; };
		315578471E0D20A200135A73 /* Base */ = {isa = PBXFileReference; lastKnownFileType = file.storyboard; name = Base; path = Base.lproj/Main.storyboard; sourceTree = "<group>"; };
		315578491E0D20A200135A73 /* Info.plist */ = {isa = PBXFileReference; lastKnownFileType = text.plist.xml; path = Info.plist; sourceTree = "<group>"; };
		3178CE001DB33E6A00AFA2BA /* DrapImageView.swift */ = {isa = PBXFileReference; fileEncoding = 4; lastKnownFileType = sourcecode.swift; path = DrapImageView.swift; sourceTree = "<group>"; };
		3178CE021DB35E6300AFA2BA /* ColorPickerViewController.swift */ = {isa = PBXFileReference; fileEncoding = 4; lastKnownFileType = sourcecode.swift; path = ColorPickerViewController.swift; sourceTree = "<group>"; };
		3178CE0E1DB3A1F700AFA2BA /* DragFilenameImageView.swift */ = {isa = PBXFileReference; fileEncoding = 4; lastKnownFileType = sourcecode.swift; path = DragFilenameImageView.swift; sourceTree = "<group>"; };
		3178CE101DB3A2D200AFA2BA /* CrackViewController.swift */ = {isa = PBXFileReference; fileEncoding = 4; lastKnownFileType = sourcecode.swift; path = CrackViewController.swift; sourceTree = "<group>"; };
		319B03361D9DDAB90006437A /* Toolbox.app */ = {isa = PBXFileReference; explicitFileType = wrapper.application; includeInIndex = 0; path = Toolbox.app; sourceTree = BUILT_PRODUCTS_DIR; };
		319B03391D9DDAB90006437A /* AppDelegate.swift */ = {isa = PBXFileReference; lastKnownFileType = sourcecode.swift; path = AppDelegate.swift; sourceTree = "<group>"; };
		319B033B1D9DDAB90006437A /* ViewController.swift */ = {isa = PBXFileReference; lastKnownFileType = sourcecode.swift; path = ViewController.swift; sourceTree = "<group>"; };
		319B033D1D9DDAB90006437A /* Assets.xcassets */ = {isa = PBXFileReference; lastKnownFileType = folder.assetcatalog; path = Assets.xcassets; sourceTree = "<group>"; };
		319B03401D9DDAB90006437A /* Base */ = {isa = PBXFileReference; lastKnownFileType = file.storyboard; name = Base; path = Base.lproj/Main.storyboard; sourceTree = "<group>"; };
		319B03421D9DDAB90006437A /* Info.plist */ = {isa = PBXFileReference; lastKnownFileType = text.plist.xml; path = Info.plist; sourceTree = "<group>"; };
		319B03491D9DED1A0006437A /* WindowController.swift */ = {isa = PBXFileReference; fileEncoding = 4; lastKnownFileType = sourcecode.swift; path = WindowController.swift; sourceTree = "<group>"; };
		319B034B1D9E17450006437A /* BarcodeViewController.swift */ = {isa = PBXFileReference; fileEncoding = 4; lastKnownFileType = sourcecode.swift; path = BarcodeViewController.swift; sourceTree = "<group>"; };
		319B034D1D9F48440006437A /* UrlEncodeViewController.swift */ = {isa = PBXFileReference; fileEncoding = 4; lastKnownFileType = sourcecode.swift; path = UrlEncodeViewController.swift; sourceTree = "<group>"; };
		31DBAC0F1DA8EBC9001B162C /* Toolbox-Bridging-Header.h */ = {isa = PBXFileReference; lastKnownFileType = sourcecode.c.h; path = "Toolbox-Bridging-Header.h"; sourceTree = "<group>"; };
		7F61567AB573255F53890270 /* Pods_Toolbox.framework */ = {isa = PBXFileReference; explicitFileType = wrapper.framework; includeInIndex = 0; path = Pods_Toolbox.framework; sourceTree = BUILT_PRODUCTS_DIR; };
		ADB9B7DAB8EB063DD63D05A9 /* Pods-Toolbox.release.xcconfig */ = {isa = PBXFileReference; includeInIndex = 1; lastKnownFileType = text.xcconfig; name = "Pods-Toolbox.release.xcconfig"; path = "Pods/Target Support Files/Pods-Toolbox/Pods-Toolbox.release.xcconfig"; sourceTree = "<group>"; };
/* End PBXFileReference section */

/* Begin PBXFrameworksBuildPhase section */
		0D14197C1E0F6C6C00E6C8B6 /* Frameworks */ = {
			isa = PBXFrameworksBuildPhase;
			buildActionMask = 2147483647;
			files = (
			);
			runOnlyForDeploymentPostprocessing = 0;
		};
		3155783B1E0D20A200135A73 /* Frameworks */ = {
			isa = PBXFrameworksBuildPhase;
			buildActionMask = 2147483647;
			files = (
			);
			runOnlyForDeploymentPostprocessing = 0;
		};
		319B03331D9DDAB90006437A /* Frameworks */ = {
			isa = PBXFrameworksBuildPhase;
			buildActionMask = 2147483647;
			files = (
				0D1419791E0F6A4200E6C8B6 /* SecurityFoundation.framework in Frameworks */,
				0D1419771E0F6A3400E6C8B6 /* ServiceManagement.framework in Frameworks */,
				1516140DEFAFBF585FE28720 /* Pods_Toolbox.framework in Frameworks */,
			);
			runOnlyForDeploymentPostprocessing = 0;
		};
/* End PBXFrameworksBuildPhase section */

/* Begin PBXGroup section */
		0D1419801E0F6C6C00E6C8B6 /* HelperTool */ = {
			isa = PBXGroup;
			children = (
				0D14199E1E0F6D7E00E6C8B6 /* HelperTool-Info.plist */,
				0D14199F1E0F6D7E00E6C8B6 /* HelperTool-Launchd.plist */,
				0D1419A01E0F6D7E00E6C8B6 /* HelperTool.h */,
				0D1419A11E0F6D7E00E6C8B6 /* HelperTool.m */,
				0D1419811E0F6C6C00E6C8B6 /* main.m */,
			);
			path = HelperTool;
			sourceTree = "<group>";
		};
		0D1419911E0F6CF100E6C8B6 /* Common */ = {
			isa = PBXGroup;
			children = (
				0D1419921E0F6CF100E6C8B6 /* Common.h */,
				0D1419931E0F6CF100E6C8B6 /* Common.m */,
				0D1419941E0F6CF100E6C8B6 /* Common.strings */,
				0D1419971E0F6CF100E6C8B6 /* SudoHelper.h */,
				0D1419981E0F6CF100E6C8B6 /* SudoHelper.m */,
			);
			path = Common;
			sourceTree = "<group>";
		};
		3155783F1E0D20A200135A73 /* LaunchHelper */ = {
			isa = PBXGroup;
			children = (
				315578401E0D20A200135A73 /* AppDelegate.swift */,
				315578421E0D20A200135A73 /* ViewController.swift */,
				315578441E0D20A200135A73 /* Assets.xcassets */,
				315578461E0D20A200135A73 /* Main.storyboard */,
				315578491E0D20A200135A73 /* Info.plist */,
			);
			path = LaunchHelper;
			sourceTree = "<group>";
		};
		319B032D1D9DDAB90006437A = {
			isa = PBXGroup;
			children = (
				0D1419911E0F6CF100E6C8B6 /* Common */,
				319B03381D9DDAB90006437A /* Toolbox */,
				3155783F1E0D20A200135A73 /* LaunchHelper */,
				0D1419801E0F6C6C00E6C8B6 /* HelperTool */,
				319B03371D9DDAB90006437A /* Products */,
				E57FBA479CA12DB0B77F655D /* Frameworks */,
				3C8825F610B01DBCA9DE75FE /* Pods */,
			);
			sourceTree = "<group>";
		};
		319B03371D9DDAB90006437A /* Products */ = {
			isa = PBXGroup;
			children = (
				319B03361D9DDAB90006437A /* Toolbox.app */,
				3155783E1E0D20A200135A73 /* LaunchHelper.app */,
				0D14197F1E0F6C6C00E6C8B6 /* com.purkylin.HelperTool */,
			);
			name = Products;
			sourceTree = "<group>";
		};
		319B03381D9DDAB90006437A /* Toolbox */ = {
			isa = PBXGroup;
			children = (
				319B03391D9DDAB90006437A /* AppDelegate.swift */,
				311E78131DACDD5C00A3E646 /* terminal.script */,
				319B033B1D9DDAB90006437A /* ViewController.swift */,
				319B033D1D9DDAB90006437A /* Assets.xcassets */,
				319B033F1D9DDAB90006437A /* Main.storyboard */,
				0D1419A81E115ECA00E6C8B6 /* NetworkViewController.swift */,
				3178CE101DB3A2D200AFA2BA /* CrackViewController.swift */,
				0D1419741E0F673700E6C8B6 /* PreferenceViewController.swift */,
				3178CE0E1DB3A1F700AFA2BA /* DragFilenameImageView.swift */,
				3178CE021DB35E6300AFA2BA /* ColorPickerViewController.swift */,
				3178CE001DB33E6A00AFA2BA /* DrapImageView.swift */,
				312A33DA1DAA851C00FAEBBE /* DetectViewController.swift */,
				319B034D1D9F48440006437A /* UrlEncodeViewController.swift */,
				319B034B1D9E17450006437A /* BarcodeViewController.swift */,
				319B03491D9DED1A0006437A /* WindowController.swift */,
				319B03421D9DDAB90006437A /* Info.plist */,
				31DBAC0F1DA8EBC9001B162C /* Toolbox-Bridging-Header.h */,
				0D982A391EDDA1D60093A68E /* Util.swift */,
			);
			path = Toolbox;
			sourceTree = "<group>";
		};
		3C8825F610B01DBCA9DE75FE /* Pods */ = {
			isa = PBXGroup;
			children = (
				20FBF52FE2855068A3C8C820 /* Pods-Toolbox.debug.xcconfig */,
				ADB9B7DAB8EB063DD63D05A9 /* Pods-Toolbox.release.xcconfig */,
			);
			name = Pods;
			sourceTree = "<group>";
		};
		E57FBA479CA12DB0B77F655D /* Frameworks */ = {
			isa = PBXGroup;
			children = (
				0D1419781E0F6A4200E6C8B6 /* SecurityFoundation.framework */,
				0D1419761E0F6A3400E6C8B6 /* ServiceManagement.framework */,
				7F61567AB573255F53890270 /* Pods_Toolbox.framework */,
			);
			name = Frameworks;
			sourceTree = "<group>";
		};
/* End PBXGroup section */

/* Begin PBXNativeTarget section */
		0D14197E1E0F6C6C00E6C8B6 /* HelperTool */ = {
			isa = PBXNativeTarget;
			buildConfigurationList = 0D1419831E0F6C6C00E6C8B6 /* Build configuration list for PBXNativeTarget "HelperTool" */;
			buildPhases = (
				0D14197B1E0F6C6C00E6C8B6 /* Sources */,
				0D14197C1E0F6C6C00E6C8B6 /* Frameworks */,
				0D14197D1E0F6C6C00E6C8B6 /* CopyFiles */,
			);
			buildRules = (
			);
			dependencies = (
			);
			name = HelperTool;
			productName = HelperTool;
			productReference = 0D14197F1E0F6C6C00E6C8B6 /* com.purkylin.HelperTool */;
			productType = "com.apple.product-type.tool";
		};
		3155783D1E0D20A200135A73 /* LaunchHelper */ = {
			isa = PBXNativeTarget;
			buildConfigurationList = 3155784A1E0D20A200135A73 /* Build configuration list for PBXNativeTarget "LaunchHelper" */;
			buildPhases = (
				3155783A1E0D20A200135A73 /* Sources */,
				3155783B1E0D20A200135A73 /* Frameworks */,
				3155783C1E0D20A200135A73 /* Resources */,
			);
			buildRules = (
			);
			dependencies = (
			);
			name = LaunchHelper;
			productName = LaunchHelper;
			productReference = 3155783E1E0D20A200135A73 /* LaunchHelper.app */;
			productType = "com.apple.product-type.application";
		};
		319B03351D9DDAB90006437A /* Toolbox */ = {
			isa = PBXNativeTarget;
			buildConfigurationList = 319B03451D9DDAB90006437A /* Build configuration list for PBXNativeTarget "Toolbox" */;
			buildPhases = (
				DB6E72B300F0EF0DE6D54ED1 /* [CP] Check Pods Manifest.lock */,
				319B03321D9DDAB90006437A /* Sources */,
				319B03331D9DDAB90006437A /* Frameworks */,
				319B03341D9DDAB90006437A /* Resources */,
				315578391E0D1FF800135A73 /* Embed XPC Services */,
				3155784D1E0D224300135A73 /* CopyFiles */,
				0D1419A61E0F6EB000E6C8B6 /* CopyFiles */,
				0750F10D746A553AEBA04431 /* [CP] Embed Pods Frameworks */,
				BFDE71437DDCE9BA02F9C04A /* [CP] Copy Pods Resources */,
			);
			buildRules = (
			);
			dependencies = (
			);
			name = Toolbox;
			productName = Toolbox;
			productReference = 319B03361D9DDAB90006437A /* Toolbox.app */;
			productType = "com.apple.product-type.application";
		};
/* End PBXNativeTarget section */

/* Begin PBXProject section */
		319B032E1D9DDAB90006437A /* Project object */ = {
			isa = PBXProject;
			attributes = {
				LastSwiftUpdateCheck = 0820;
				LastUpgradeCheck = 0800;
				ORGANIZATIONNAME = "Purkylin King";
				TargetAttributes = {
					0D14197E1E0F6C6C00E6C8B6 = {
						CreatedOnToolsVersion = 8.2;
						DevelopmentTeam = CS3P4Q373F;
						LastSwiftMigration = 0820;
						ProvisioningStyle = Automatic;
					};
					3155783D1E0D20A200135A73 = {
						CreatedOnToolsVersion = 8.2;
						DevelopmentTeam = CS3P4Q373F;
						ProvisioningStyle = Automatic;
					};
					319B03351D9DDAB90006437A = {
						CreatedOnToolsVersion = 8.0;
						DevelopmentTeam = CS3P4Q373F;
						LastSwiftMigration = 0800;
						ProvisioningStyle = Automatic;
					};
				};
			};
			buildConfigurationList = 319B03311D9DDAB90006437A /* Build configuration list for PBXProject "Toolbox" */;
			compatibilityVersion = "Xcode 3.2";
			developmentRegion = English;
			hasScannedForEncodings = 0;
			knownRegions = (
				en,
				Base,
				de,
			);
			mainGroup = 319B032D1D9DDAB90006437A;
			productRefGroup = 319B03371D9DDAB90006437A /* Products */;
			projectDirPath = "";
			projectRoot = "";
			targets = (
				319B03351D9DDAB90006437A /* Toolbox */,
				3155783D1E0D20A200135A73 /* LaunchHelper */,
				0D14197E1E0F6C6C00E6C8B6 /* HelperTool */,
			);
		};
/* End PBXProject section */

/* Begin PBXResourcesBuildPhase section */
		3155783C1E0D20A200135A73 /* Resources */ = {
			isa = PBXResourcesBuildPhase;
			buildActionMask = 2147483647;
			files = (
				315578451E0D20A200135A73 /* Assets.xcassets in Resources */,
				315578481E0D20A200135A73 /* Main.storyboard in Resources */,
			);
			runOnlyForDeploymentPostprocessing = 0;
		};
		319B03341D9DDAB90006437A /* Resources */ = {
			isa = PBXResourcesBuildPhase;
			buildActionMask = 2147483647;
			files = (
				0D1419A21E0F6D7E00E6C8B6 /* HelperTool-Info.plist in Resources */,
				0D14199B1E0F6CF100E6C8B6 /* Common.strings in Resources */,
				311E78141DACDEDD00A3E646 /* terminal.script in Resources */,
				319B033E1D9DDAB90006437A /* Assets.xcassets in Resources */,
				319B03411D9DDAB90006437A /* Main.storyboard in Resources */,
				0D1419A31E0F6D7E00E6C8B6 /* HelperTool-Launchd.plist in Resources */,
			);
			runOnlyForDeploymentPostprocessing = 0;
		};
/* End PBXResourcesBuildPhase section */

/* Begin PBXShellScriptBuildPhase section */
		0750F10D746A553AEBA04431 /* [CP] Embed Pods Frameworks */ = {
			isa = PBXShellScriptBuildPhase;
			buildActionMask = 2147483647;
			files = (
			);
			inputPaths = (
			);
			name = "[CP] Embed Pods Frameworks";
			outputPaths = (
			);
			runOnlyForDeploymentPostprocessing = 0;
			shellPath = /bin/sh;
			shellScript = "\"${SRCROOT}/Pods/Target Support Files/Pods-Toolbox/Pods-Toolbox-frameworks.sh\"\n";
			showEnvVarsInLog = 0;
		};
		BFDE71437DDCE9BA02F9C04A /* [CP] Copy Pods Resources */ = {
			isa = PBXShellScriptBuildPhase;
			buildActionMask = 2147483647;
			files = (
			);
			inputPaths = (
			);
			name = "[CP] Copy Pods Resources";
			outputPaths = (
			);
			runOnlyForDeploymentPostprocessing = 0;
			shellPath = /bin/sh;
			shellScript = "\"${SRCROOT}/Pods/Target Support Files/Pods-Toolbox/Pods-Toolbox-resources.sh\"\n";
			showEnvVarsInLog = 0;
		};
		DB6E72B300F0EF0DE6D54ED1 /* [CP] Check Pods Manifest.lock */ = {
			isa = PBXShellScriptBuildPhase;
			buildActionMask = 2147483647;
			files = (
			);
			inputPaths = (
			);
			name = "[CP] Check Pods Manifest.lock";
			outputPaths = (
			);
			runOnlyForDeploymentPostprocessing = 0;
			shellPath = /bin/sh;
			shellScript = "diff \"${PODS_ROOT}/../Podfile.lock\" \"${PODS_ROOT}/Manifest.lock\" > /dev/null\nif [ $? != 0 ] ; then\n    # print error to STDERR\n    echo \"error: The sandbox is not in sync with the Podfile.lock. Run 'pod install' or update your CocoaPods installation.\" >&2\n    exit 1\nfi\n";
			showEnvVarsInLog = 0;
		};
/* End PBXShellScriptBuildPhase section */

/* Begin PBXSourcesBuildPhase section */
		0D14197B1E0F6C6C00E6C8B6 /* Sources */ = {
			isa = PBXSourcesBuildPhase;
			buildActionMask = 2147483647;
			files = (
				0D14199A1E0F6CF100E6C8B6 /* Common.m in Sources */,
				0D1419A51E0F6D7E00E6C8B6 /* HelperTool.m in Sources */,
				0D14199D1E0F6CF100E6C8B6 /* SudoHelper.m in Sources */,
				0D1419821E0F6C6C00E6C8B6 /* main.m in Sources */,
			);
			runOnlyForDeploymentPostprocessing = 0;
		};
		3155783A1E0D20A200135A73 /* Sources */ = {
			isa = PBXSourcesBuildPhase;
			buildActionMask = 2147483647;
			files = (
				315578431E0D20A200135A73 /* ViewController.swift in Sources */,
				315578411E0D20A200135A73 /* AppDelegate.swift in Sources */,
			);
			runOnlyForDeploymentPostprocessing = 0;
		};
		319B03321D9DDAB90006437A /* Sources */ = {
			isa = PBXSourcesBuildPhase;
			buildActionMask = 2147483647;
			files = (
				319B033C1D9DDAB90006437A /* ViewController.swift in Sources */,
				3178CE031DB35E6300AFA2BA /* ColorPickerViewController.swift in Sources */,
				319B034C1D9E17450006437A /* BarcodeViewController.swift in Sources */,
				0D982A3A1EDDA1D60093A68E /* Util.swift in Sources */,
				0D14199C1E0F6CF100E6C8B6 /* SudoHelper.m in Sources */,
				0D1419A41E0F6D7E00E6C8B6 /* HelperTool.m in Sources */,
				0D1419A91E115ECA00E6C8B6 /* NetworkViewController.swift in Sources */,
				3178CE011DB33E6A00AFA2BA /* DrapImageView.swift in Sources */,
				3178CE0F1DB3A1F700AFA2BA /* DragFilenameImageView.swift in Sources */,
				0D1419991E0F6CF100E6C8B6 /* Common.m in Sources */,
				312A33DB1DAA851D00FAEBBE /* DetectViewController.swift in Sources */,
				319B034F1D9F48440006437A /* UrlEncodeViewController.swift in Sources */,
				319B034A1D9DED1A0006437A /* WindowController.swift in Sources */,
				0D1419751E0F673700E6C8B6 /* PreferenceViewController.swift in Sources */,
				319B033A1D9DDAB90006437A /* AppDelegate.swift in Sources */,
				3178CE111DB3A2D200AFA2BA /* CrackViewController.swift in Sources */,
			);
			runOnlyForDeploymentPostprocessing = 0;
		};
/* End PBXSourcesBuildPhase section */

/* Begin PBXVariantGroup section */
		0D1419941E0F6CF100E6C8B6 /* Common.strings */ = {
			isa = PBXVariantGroup;
			children = (
				0D1419951E0F6CF100E6C8B6 /* de */,
				0D1419961E0F6CF100E6C8B6 /* en */,
			);
			name = Common.strings;
			sourceTree = "<group>";
		};
		315578461E0D20A200135A73 /* Main.storyboard */ = {
			isa = PBXVariantGroup;
			children = (
				315578471E0D20A200135A73 /* Base */,
			);
			name = Main.storyboard;
			sourceTree = "<group>";
		};
		319B033F1D9DDAB90006437A /* Main.storyboard */ = {
			isa = PBXVariantGroup;
			children = (
				319B03401D9DDAB90006437A /* Base */,
			);
			name = Main.storyboard;
			sourceTree = "<group>";
		};
/* End PBXVariantGroup section */

/* Begin XCBuildConfiguration section */
		0D1419841E0F6C6C00E6C8B6 /* Debug */ = {
			isa = XCBuildConfiguration;
			buildSettings = {
				CLANG_ENABLE_MODULES = YES;
				CLANG_WARN_SUSPICIOUS_MOVE = YES;
				CODE_SIGN_IDENTITY = "Mac Developer";
				DEVELOPMENT_TEAM = CS3P4Q373F;
				INFOPLIST_FILE = "$(SRCROOT)/HelperTool/HelperTool-Info.plist";
				LD_RUNPATH_SEARCH_PATHS = "$(inherited) @executable_path/../Frameworks @loader_path/../Frameworks";
				OTHER_LDFLAGS = (
					"-sectcreate",
					__TEXT,
					__info_plist,
					"HelperTool/HelperTool-Info.plist",
					"-sectcreate",
					__TEXT,
					__launchd_plist,
					"HelperTool/HelperTool-Launchd.plist",
				);
				PRODUCT_NAME = com.purkylin.HelperTool;
				SWIFT_OPTIMIZATION_LEVEL = "-Onone";
				SWIFT_VERSION = 3.0;
			};
			name = Debug;
		};
		0D1419851E0F6C6C00E6C8B6 /* Release */ = {
			isa = XCBuildConfiguration;
			buildSettings = {
				CLANG_ENABLE_MODULES = YES;
				CLANG_WARN_SUSPICIOUS_MOVE = YES;
				CODE_SIGN_IDENTITY = "Mac Developer";
				DEVELOPMENT_TEAM = CS3P4Q373F;
				INFOPLIST_FILE = "$(SRCROOT)/HelperTool/HelperTool-Info.plist";
				LD_RUNPATH_SEARCH_PATHS = "$(inherited) @executable_path/../Frameworks @loader_path/../Frameworks";
				OTHER_LDFLAGS = (
					"-sectcreate",
					__TEXT,
					__info_plist,
					"HelperTool/HelperTool-Info.plist",
					"-sectcreate",
					__TEXT,
					__launchd_plist,
					"HelperTool/HelperTool-Launchd.plist",
				);
				PRODUCT_NAME = com.purkylin.HelperTool;
				SWIFT_VERSION = 3.0;
			};
			name = Release;
		};
		3155784B1E0D20A200135A73 /* Debug */ = {
			isa = XCBuildConfiguration;
			buildSettings = {
				ASSETCATALOG_COMPILER_APPICON_NAME = AppIcon;
				CLANG_WARN_SUSPICIOUS_MOVE = YES;
				CODE_SIGN_IDENTITY = "Mac Developer";
				COMBINE_HIDPI_IMAGES = YES;
				DEVELOPMENT_TEAM = CS3P4Q373F;
				INFOPLIST_FILE = LaunchHelper/Info.plist;
				LD_RUNPATH_SEARCH_PATHS = "$(inherited) @executable_path/../Frameworks";
				PRODUCT_BUNDLE_IDENTIFIER = com.purkylin.LaunchHelper;
				PRODUCT_NAME = "$(TARGET_NAME)";
				SKIP_INSTALL = YES;
				SWIFT_VERSION = 3.0;
			};
			name = Debug;
		};
		3155784C1E0D20A200135A73 /* Release */ = {
			isa = XCBuildConfiguration;
			buildSettings = {
				ASSETCATALOG_COMPILER_APPICON_NAME = AppIcon;
				CLANG_WARN_SUSPICIOUS_MOVE = YES;
				CODE_SIGN_IDENTITY = "Mac Developer";
				COMBINE_HIDPI_IMAGES = YES;
				DEVELOPMENT_TEAM = CS3P4Q373F;
				INFOPLIST_FILE = LaunchHelper/Info.plist;
				LD_RUNPATH_SEARCH_PATHS = "$(inherited) @executable_path/../Frameworks";
				PRODUCT_BUNDLE_IDENTIFIER = com.purkylin.LaunchHelper;
				PRODUCT_NAME = "$(TARGET_NAME)";
				SKIP_INSTALL = YES;
				SWIFT_VERSION = 3.0;
			};
			name = Release;
		};
		319B03431D9DDAB90006437A /* Debug */ = {
			isa = XCBuildConfiguration;
			buildSettings = {
				ALWAYS_SEARCH_USER_PATHS = NO;
				CLANG_ANALYZER_NONNULL = YES;
				CLANG_CXX_LANGUAGE_STANDARD = "gnu++0x";
				CLANG_CXX_LIBRARY = "libc++";
				CLANG_ENABLE_MODULES = YES;
				CLANG_ENABLE_OBJC_ARC = YES;
				CLANG_WARN_BOOL_CONVERSION = YES;
				CLANG_WARN_CONSTANT_CONVERSION = YES;
				CLANG_WARN_DIRECT_OBJC_ISA_USAGE = YES_ERROR;
				CLANG_WARN_DOCUMENTATION_COMMENTS = YES;
				CLANG_WARN_EMPTY_BODY = YES;
				CLANG_WARN_ENUM_CONVERSION = YES;
				CLANG_WARN_INFINITE_RECURSION = YES;
				CLANG_WARN_INT_CONVERSION = YES;
				CLANG_WARN_OBJC_ROOT_CLASS = YES_ERROR;
				CLANG_WARN_SUSPICIOUS_MOVES = YES;
				CLANG_WARN_UNREACHABLE_CODE = YES;
				CLANG_WARN__DUPLICATE_METHOD_MATCH = YES;
				CODE_SIGN_IDENTITY = "-";
				COPY_PHASE_STRIP = NO;
				DEBUG_INFORMATION_FORMAT = dwarf;
				ENABLE_STRICT_OBJC_MSGSEND = YES;
				ENABLE_TESTABILITY = YES;
				GCC_C_LANGUAGE_STANDARD = gnu99;
				GCC_DYNAMIC_NO_PIC = NO;
				GCC_NO_COMMON_BLOCKS = YES;
				GCC_OPTIMIZATION_LEVEL = 0;
				GCC_PREPROCESSOR_DEFINITIONS = (
					"DEBUG=1",
					"$(inherited)",
				);
				GCC_WARN_64_TO_32_BIT_CONVERSION = YES;
				GCC_WARN_ABOUT_RETURN_TYPE = YES_ERROR;
				GCC_WARN_UNDECLARED_SELECTOR = YES;
				GCC_WARN_UNINITIALIZED_AUTOS = YES_AGGRESSIVE;
				GCC_WARN_UNUSED_FUNCTION = YES;
				GCC_WARN_UNUSED_VARIABLE = YES;
				MACOSX_DEPLOYMENT_TARGET = 10.12;
				MTL_ENABLE_DEBUG_INFO = YES;
				ONLY_ACTIVE_ARCH = YES;
				SDKROOT = macosx;
				SWIFT_ACTIVE_COMPILATION_CONDITIONS = DEBUG;
				SWIFT_OPTIMIZATION_LEVEL = "-Onone";
			};
			name = Debug;
		};
		319B03441D9DDAB90006437A /* Release */ = {
			isa = XCBuildConfiguration;
			buildSettings = {
				ALWAYS_SEARCH_USER_PATHS = NO;
				CLANG_ANALYZER_NONNULL = YES;
				CLANG_CXX_LANGUAGE_STANDARD = "gnu++0x";
				CLANG_CXX_LIBRARY = "libc++";
				CLANG_ENABLE_MODULES = YES;
				CLANG_ENABLE_OBJC_ARC = YES;
				CLANG_WARN_BOOL_CONVERSION = YES;
				CLANG_WARN_CONSTANT_CONVERSION = YES;
				CLANG_WARN_DIRECT_OBJC_ISA_USAGE = YES_ERROR;
				CLANG_WARN_DOCUMENTATION_COMMENTS = YES;
				CLANG_WARN_EMPTY_BODY = YES;
				CLANG_WARN_ENUM_CONVERSION = YES;
				CLANG_WARN_INFINITE_RECURSION = YES;
				CLANG_WARN_INT_CONVERSION = YES;
				CLANG_WARN_OBJC_ROOT_CLASS = YES_ERROR;
				CLANG_WARN_SUSPICIOUS_MOVES = YES;
				CLANG_WARN_UNREACHABLE_CODE = YES;
				CLANG_WARN__DUPLICATE_METHOD_MATCH = YES;
				CODE_SIGN_IDENTITY = "-";
				COPY_PHASE_STRIP = NO;
				DEBUG_INFORMATION_FORMAT = "dwarf-with-dsym";
				ENABLE_NS_ASSERTIONS = NO;
				ENABLE_STRICT_OBJC_MSGSEND = YES;
				GCC_C_LANGUAGE_STANDARD = gnu99;
				GCC_NO_COMMON_BLOCKS = YES;
				GCC_WARN_64_TO_32_BIT_CONVERSION = YES;
				GCC_WARN_ABOUT_RETURN_TYPE = YES_ERROR;
				GCC_WARN_UNDECLARED_SELECTOR = YES;
				GCC_WARN_UNINITIALIZED_AUTOS = YES_AGGRESSIVE;
				GCC_WARN_UNUSED_FUNCTION = YES;
				GCC_WARN_UNUSED_VARIABLE = YES;
				MACOSX_DEPLOYMENT_TARGET = 10.12;
				MTL_ENABLE_DEBUG_INFO = NO;
				SDKROOT = macosx;
				SWIFT_OPTIMIZATION_LEVEL = "-Owholemodule";
			};
			name = Release;
		};
		319B03461D9DDAB90006437A /* Debug */ = {
			isa = XCBuildConfiguration;
			baseConfigurationReference = 20FBF52FE2855068A3C8C820 /* Pods-Toolbox.debug.xcconfig */;
			buildSettings = {
				ASSETCATALOG_COMPILER_APPICON_NAME = AppIcon;
				CLANG_ENABLE_MODULES = YES;
				CODE_SIGN_IDENTITY = "Mac Developer";
				COMBINE_HIDPI_IMAGES = YES;
				DEVELOPMENT_TEAM = CS3P4Q373F;
				INFOPLIST_FILE = Toolbox/Info.plist;
				LD_RUNPATH_SEARCH_PATHS = "$(inherited) @executable_path/../Frameworks";
				MACOSX_DEPLOYMENT_TARGET = 10.10;
				PRODUCT_BUNDLE_IDENTIFIER = com.purkylin.Toolbox;
				PRODUCT_NAME = "$(TARGET_NAME)";
				SWIFT_OBJC_BRIDGING_HEADER = "Toolbox/Toolbox-Bridging-Header.h";
				SWIFT_OPTIMIZATION_LEVEL = "-Onone";
				SWIFT_VERSION = 3.0;
			};
			name = Debug;
		};
		319B03471D9DDAB90006437A /* Release */ = {
			isa = XCBuildConfiguration;
			baseConfigurationReference = ADB9B7DAB8EB063DD63D05A9 /* Pods-Toolbox.release.xcconfig */;
			buildSettings = {
				ASSETCATALOG_COMPILER_APPICON_NAME = AppIcon;
				CLANG_ENABLE_MODULES = YES;
				CODE_SIGN_IDENTITY = "Mac Developer";
				COMBINE_HIDPI_IMAGES = YES;
				DEVELOPMENT_TEAM = CS3P4Q373F;
				INFOPLIST_FILE = Toolbox/Info.plist;
				LD_RUNPATH_SEARCH_PATHS = "$(inherited) @executable_path/../Frameworks";
				MACOSX_DEPLOYMENT_TARGET = 10.10;
				PRODUCT_BUNDLE_IDENTIFIER = com.purkylin.Toolbox;
				PRODUCT_NAME = "$(TARGET_NAME)";
				SWIFT_OBJC_BRIDGING_HEADER = "Toolbox/Toolbox-Bridging-Header.h";
				SWIFT_VERSION = 3.0;
			};
			name = Release;
		};
/* End XCBuildConfiguration section */

/* Begin XCConfigurationList section */
		0D1419831E0F6C6C00E6C8B6 /* Build configuration list for PBXNativeTarget "HelperTool" */ = {
			isa = XCConfigurationList;
			buildConfigurations = (
				0D1419841E0F6C6C00E6C8B6 /* Debug */,
				0D1419851E0F6C6C00E6C8B6 /* Release */,
			);
			defaultConfigurationIsVisible = 0;
			defaultConfigurationName = Release;
		};
		3155784A1E0D20A200135A73 /* Build configuration list for PBXNativeTarget "LaunchHelper" */ = {
			isa = XCConfigurationList;
			buildConfigurations = (
				3155784B1E0D20A200135A73 /* Debug */,
				3155784C1E0D20A200135A73 /* Release */,
			);
			defaultConfigurationIsVisible = 0;
			defaultConfigurationName = Release;
		};
		319B03311D9DDAB90006437A /* Build configuration list for PBXProject "Toolbox" */ = {
			isa = XCConfigurationList;
			buildConfigurations = (
				319B03431D9DDAB90006437A /* Debug */,
				319B03441D9DDAB90006437A /* Release */,
			);
			defaultConfigurationIsVisible = 0;
			defaultConfigurationName = Release;
		};
		319B03451D9DDAB90006437A /* Build configuration list for PBXNativeTarget "Toolbox" */ = {
			isa = XCConfigurationList;
			buildConfigurations = (
				319B03461D9DDAB90006437A /* Debug */,
				319B03471D9DDAB90006437A /* Release */,
			);
			defaultConfigurationIsVisible = 0;
			defaultConfigurationName = Release;
		};
/* End XCConfigurationList section */
	};
	rootObject = 319B032E1D9DDAB90006437A /* Project object */;
}
